
Microsoft Visual Studio Solution File, Format Version 12.00
# Visual Studio Version 17
VisualStudioVersion = 17.4.33213.308
MinimumVisualStudioVersion = 10.0.40219.1
Project("{FAE04EC0-301F-11D3-BF4B-00C04F79EFBC}") = "Quiz", "Quiz\Quiz.csproj", "{0C6C3330-9C1E-4AC6-A124-06B7389D628D}"
EndProject
Project("{FAE04EC0-301F-11D3-BF4B-00C04F79EFBC}") = "Quiz.Data", "Quiz.Data\Quiz.Data.csproj", "{AB9B337C-0D35-4797-8AFB-3F5B020C39CD}"
EndProject
Project("{2150E333-8FDC-42A3-9474-1A3956D46DE8}") = "Solution Items", "Solution Items", "{F88A6DB3-8949-4062-813A-68590750D91E}"
	ProjectSection(SolutionItems) = preProject
		.editorconfig = .editorconfig
	EndProjectSection
EndProject
Global
	GlobalSection(SolutionConfigurationPlatforms) = preSolution
		Debug|Any CPU = Debug|Any CPU
		Release|Any CPU = Release|Any CPU
	EndGlobalSection
	GlobalSection(ProjectConfigurationPlatforms) = postSolution
		{0C6C3330-9C1E-4AC6-A124-06B7389D628D}.Debug|Any CPU.ActiveCfg = Debug|Any CPU
		{0C6C3330-9C1E-4AC6-A124-06B7389D628D}.Debug|Any CPU.Build.0 = Debug|Any CPU
		{0C6C3330-9C1E-4AC6-A124-06B7389D628D}.Release|Any CPU.ActiveCfg = Release|Any CPU
		{0C6C3330-9C1E-4AC6-A124-06B7389D628D}.Release|Any CPU.Build.0 = Release|Any CPU
		{AB9B337C-0D35-4797-8AFB-3F5B020C39CD}.Debug|Any CPU.ActiveCfg = Debug|Any CPU
		{AB9B337C-0D35-4797-8AFB-3F5B020C39CD}.Debug|Any CPU.Build.0 = Debug|Any CPU
		{AB9B337C-0D35-4797-8AFB-3F5B020C39CD}.Release|Any CPU.ActiveCfg = Release|Any CPU
		{AB9B337C-0D35-4797-8AFB-3F5B020C39CD}.Release|Any CPU.Build.0 = Release|Any CPU
	EndGlobalSection
	GlobalSection(SolutionProperties) = preSolution
		HideSolutionNode = FALSE
	EndGlobalSection
	GlobalSection(ExtensibilityGlobals) = postSolution
		SolutionGuid = {D1E0A9B5-B991-4E08-BE24-E00AEC647E37}
	EndGlobalSection
EndGlobal
